// !$*UTF8*$!
{
	archiveVersion = 1;
	classes = {
	};
	objectVersion = 46;
	objects = {

/* Begin PBXBuildFile section */
		00495C941D03B77A000ADD2C /* AppDelegate.swift in Sources */ = {isa = PBXBuildFile; fileRef = 00495C931D03B77A000ADD2C /* AppDelegate.swift */; };
		00495C961D03B77A000ADD2C /* ViewController.swift in Sources */ = {isa = PBXBuildFile; fileRef = 00495C951D03B77A000ADD2C /* ViewController.swift */; };
		00495C991D03B77A000ADD2C /* Main.storyboard in Resources */ = {isa = PBXBuildFile; fileRef = 00495C971D03B77A000ADD2C /* Main.storyboard */; };
		00495C9B1D03B77A000ADD2C /* Assets.xcassets in Resources */ = {isa = PBXBuildFile; fileRef = 00495C9A1D03B77A000ADD2C /* Assets.xcassets */; };
		00495C9E1D03B77A000ADD2C /* LaunchScreen.storyboard in Resources */ = {isa = PBXBuildFile; fileRef = 00495C9C1D03B77A000ADD2C /* LaunchScreen.storyboard */; };
		00495CA91D03B77B000ADD2C /* my_hood_appTests.swift in Sources */ = {isa = PBXBuildFile; fileRef = 00495CA81D03B77B000ADD2C /* my_hood_appTests.swift */; };
		00495CB41D03B77B000ADD2C /* my_hood_appUITests.swift in Sources */ = {isa = PBXBuildFile; fileRef = 00495CB31D03B77B000ADD2C /* my_hood_appUITests.swift */; };
/* End PBXBuildFile section */

/* Begin PBXContainerItemProxy section */
		00495CA51D03B77B000ADD2C /* PBXContainerItemProxy */ = {
			isa = PBXContainerItemProxy;
			containerPortal = 00495C881D03B77A000ADD2C /* Project object */;
			proxyType = 1;
			remoteGlobalIDString = 00495C8F1D03B77A000ADD2C;
			remoteInfo = "my-hood-app";
		};
		00495CB01D03B77B000ADD2C /* PBXContainerItemProxy */ = {
			isa = PBXContainerItemProxy;
			containerPortal = 00495C881D03B77A000ADD2C /* Project object */;
			proxyType = 1;
			remoteGlobalIDString = 00495C8F1D03B77A000ADD2C;
			remoteInfo = "my-hood-app";
		};
/* End PBXContainerItemProxy section */

/* Begin PBXFileReference section */
		00495C901D03B77A000ADD2C /* my-hood-app.app */ = {isa = PBXFileReference; explicitFileType = wrapper.application; includeInIndex = 0; path = "my-hood-app.app"; sourceTree = BUILT_PRODUCTS_DIR; };
		00495C931D03B77A000ADD2C /* AppDelegate.swift */ = {isa = PBXFileReference; lastKnownFileType = sourcecode.swift; path = AppDelegate.swift; sourceTree = "<group>"; };
		00495C951D03B77A000ADD2C /* ViewController.swift */ = {isa = PBXFileReference; lastKnownFileType = sourcecode.swift; path = ViewController.swift; sourceTree = "<group>"; };
		00495C981D03B77A000ADD2C /* Base */ = {isa = PBXFileReference; lastKnownFileType = file.storyboard; name = Base; path = Base.lproj/Main.storyboard; sourceTree = "<group>"; };
		00495C9A1D03B77A000ADD2C /* Assets.xcassets */ = {isa = PBXFileReference; lastKnownFileType = folder.assetcatalog; path = Assets.xcassets; sourceTree = "<group>"; };
		00495C9D1D03B77A000ADD2C /* Base */ = {isa = PBXFileReference; lastKnownFileType = file.storyboard; name = Base; path = Base.lproj/LaunchScreen.storyboard; sourceTree = "<group>"; };
		00495C9F1D03B77A000ADD2C /* Info.plist */ = {isa = PBXFileReference; lastKnownFileType = text.plist.xml; path = Info.plist; sourceTree = "<group>"; };
		00495CA41D03B77B000ADD2C /* my-hood-appTests.xctest */ = {isa = PBXFileReference; explicitFileType = wrapper.cfbundle; includeInIndex = 0; path = "my-hood-appTests.xctest"; sourceTree = BUILT_PRODUCTS_DIR; };
		00495CA81D03B77B000ADD2C /* my_hood_appTests.swift */ = {isa = PBXFileReference; lastKnownFileType = sourcecode.swift; path = my_hood_appTests.swift; sourceTree = "<group>"; };
		00495CAA1D03B77B000ADD2C /* Info.plist */ = {isa = PBXFileReference; lastKnownFileType = text.plist.xml; path = Info.plist; sourceTree = "<group>"; };
		00495CAF1D03B77B000ADD2C /* my-hood-appUITests.xctest */ = {isa = PBXFileReference; explicitFileType = wrapper.cfbundle; includeInIndex = 0; path = "my-hood-appUITests.xctest"; sourceTree = BUILT_PRODUCTS_DIR; };
		00495CB31D03B77B000ADD2C /* my_hood_appUITests.swift */ = {isa = PBXFileReference; lastKnownFileType = sourcecode.swift; path = my_hood_appUITests.swift; sourceTree = "<group>"; };
		00495CB51D03B77B000ADD2C /* Info.plist */ = {isa = PBXFileReference; lastKnownFileType = text.plist.xml; path = Info.plist; sourceTree = "<group>"; };
/* End PBXFileReference section */

/* Begin PBXFrameworksBuildPhase section */
		00495C8D1D03B77A000ADD2C /* Frameworks */ = {
			isa = PBXFrameworksBuildPhase;
			buildActionMask = 2147483647;
			files = (
			);
			runOnlyForDeploymentPostprocessing = 0;
		};
		00495CA11D03B77B000ADD2C /* Frameworks */ = {
			isa = PBXFrameworksBuildPhase;
			buildActionMask = 2147483647;
			files = (
			);
			runOnlyForDeploymentPostprocessing = 0;
		};
		00495CAC1D03B77B000ADD2C /* Frameworks */ = {
			isa = PBXFrameworksBuildPhase;
			buildActionMask = 2147483647;
			files = (
			);
			runOnlyForDeploymentPostprocessing = 0;
		};
/* End PBXFrameworksBuildPhase section */

/* Begin PBXGroup section */
		00495C871D03B77A000ADD2C = {
			isa = PBXGroup;
			children = (
				00495C921D03B77A000ADD2C /* my-hood-app */,
				00495CA71D03B77B000ADD2C /* my-hood-appTests */,
				00495CB21D03B77B000ADD2C /* my-hood-appUITests */,
				00495C911D03B77A000ADD2C /* Products */,
			);
			sourceTree = "<group>";
		};
		00495C911D03B77A000ADD2C /* Products */ = {
			isa = PBXGroup;
			children = (
				00495C901D03B77A000ADD2C /* my-hood-app.app */,
				00495CA41D03B77B000ADD2C /* my-hood-appTests.xctest */,
				00495CAF1D03B77B000ADD2C /* my-hood-appUITests.xctest */,
			);
			name = Products;
			sourceTree = "<group>";
		};
		00495C921D03B77A000ADD2C /* my-hood-app */ = {
			isa = PBXGroup;
			children = (
				00495C931D03B77A000ADD2C /* AppDelegate.swift */,
				00495C951D03B77A000ADD2C /* ViewController.swift */,
				00495C971D03B77A000ADD2C /* Main.storyboard */,
				00495C9A1D03B77A000ADD2C /* Assets.xcassets */,
				00495C9C1D03B77A000ADD2C /* LaunchScreen.storyboard */,
				00495C9F1D03B77A000ADD2C /* Info.plist */,
			);
			path = "my-hood-app";
			sourceTree = "<group>";
		};
		00495CA71D03B77B000ADD2C /* my-hood-appTests */ = {
			isa = PBXGroup;
			children = (
				00495CA81D03B77B000ADD2C /* my_hood_appTests.swift */,
				00495CAA1D03B77B000ADD2C /* Info.plist */,
			);
			path = "my-hood-appTests";
			sourceTree = "<group>";
		};
		00495CB21D03B77B000ADD2C /* my-hood-appUITests */ = {
			isa = PBXGroup;
			children = (
				00495CB31D03B77B000ADD2C /* my_hood_appUITests.swift */,
				00495CB51D03B77B000ADD2C /* Info.plist */,
			);
			path = "my-hood-appUITests";
			sourceTree = "<group>";
		};
/* End PBXGroup section */

/* Begin PBXNativeTarget section */
		00495C8F1D03B77A000ADD2C /* my-hood-app */ = {
			isa = PBXNativeTarget;
			buildConfigurationList = 00495CB81D03B77B000ADD2C /* Build configuration list for PBXNativeTarget "my-hood-app" */;
			buildPhases = (
				00495C8C1D03B77A000ADD2C /* Sources */,
				00495C8D1D03B77A000ADD2C /* Frameworks */,
				00495C8E1D03B77A000ADD2C /* Resources */,
			);
			buildRules = (
			);
			dependencies = (
			);
			name = "my-hood-app";
			productName = "my-hood-app";
			productReference = 00495C901D03B77A000ADD2C /* my-hood-app.app */;
			productType = "com.apple.product-type.application";
		};
		00495CA31D03B77B000ADD2C /* my-hood-appTests */ = {
			isa = PBXNativeTarget;
			buildConfigurationList = 00495CBB1D03B77B000ADD2C /* Build configuration list for PBXNativeTarget "my-hood-appTests" */;
			buildPhases = (
				00495CA01D03B77B000ADD2C /* Sources */,
				00495CA11D03B77B000ADD2C /* Frameworks */,
				00495CA21D03B77B000ADD2C /* Resources */,
			);
			buildRules = (
			);
			dependencies = (
				00495CA61D03B77B000ADD2C /* PBXTargetDependency */,
			);
			name = "my-hood-appTests";
			productName = "my-hood-appTests";
			productReference = 00495CA41D03B77B000ADD2C /* my-hood-appTests.xctest */;
			productType = "com.apple.product-type.bundle.unit-test";
		};
		00495CAE1D03B77B000ADD2C /* my-hood-appUITests */ = {
			isa = PBXNativeTarget;
			buildConfigurationList = 00495CBE1D03B77B000ADD2C /* Build configuration list for PBXNativeTarget "my-hood-appUITests" */;
			buildPhases = (
				00495CAB1D03B77B000ADD2C /* Sources */,
				00495CAC1D03B77B000ADD2C /* Frameworks */,
				00495CAD1D03B77B000ADD2C /* Resources */,
			);
			buildRules = (
			);
			dependencies = (
				00495CB11D03B77B000ADD2C /* PBXTargetDependency */,
			);
			name = "my-hood-appUITests";
			productName = "my-hood-appUITests";
			productReference = 00495CAF1D03B77B000ADD2C /* my-hood-appUITests.xctest */;
			productType = "com.apple.product-type.bundle.ui-testing";
		};
/* End PBXNativeTarget section */

/* Begin PBXProject section */
		00495C881D03B77A000ADD2C /* Project object */ = {
			isa = PBXProject;
			attributes = {
				LastSwiftUpdateCheck = 0730;
				LastUpgradeCheck = 0730;
				ORGANIZATIONNAME = "Sagar Arora ";
				TargetAttributes = {
					00495C8F1D03B77A000ADD2C = {
						CreatedOnToolsVersion = 7.3;
					};
					00495CA31D03B77B000ADD2C = {
						CreatedOnToolsVersion = 7.3;
						TestTargetID = 00495C8F1D03B77A000ADD2C;
					};
					00495CAE1D03B77B000ADD2C = {
						CreatedOnToolsVersion = 7.3;
						TestTargetID = 00495C8F1D03B77A000ADD2C;
					};
				};
			};
			buildConfigurationList = 00495C8B1D03B77A000ADD2C /* Build configuration list for PBXProject "my-hood-app" */;
			compatibilityVersion = "Xcode 3.2";
			developmentRegion = English;
			hasScannedForEncodings = 0;
			knownRegions = (
				en,
				Base,
			);
			mainGroup = 00495C871D03B77A000ADD2C;
			productRefGroup = 00495C911D03B77A000ADD2C /* Products */;
			projectDirPath = "";
			projectRoot = "";
			targets = (
				00495C8F1D03B77A000ADD2C /* my-hood-app */,
				00495CA31D03B77B000ADD2C /* my-hood-appTests */,
				00495CAE1D03B77B000ADD2C /* my-hood-appUITests */,
			);
		};
/* End PBXProject section */

/* Begin PBXResourcesBuildPhase section */
		00495C8E1D03B77A000ADD2C /* Resources */ = {
			isa = PBXResourcesBuildPhase;
			buildActionMask = 2147483647;
			files = (
				00495C9E1D03B77A000ADD2C /* LaunchScreen.storyboard in Resources */,
				00495C9B1D03B77A000ADD2C /* Assets.xcassets in Resources */,
				00495C991D03B77A000ADD2C /* Main.storyboard in Resources */,
			);
			runOnlyForDeploymentPostprocessing = 0;
		};
		00495CA21D03B77B000ADD2C /* Resources */ = {
			isa = PBXResourcesBuildPhase;
			buildActionMask = 2147483647;
			files = (
			);
			runOnlyForDeploymentPostprocessing = 0;
		};
		00495CAD1D03B77B000ADD2C /* Resources */ = {
			isa = PBXResourcesBuildPhase;
			buildActionMask = 2147483647;
			files = (
			);
			runOnlyForDeploymentPostprocessing = 0;
		};
/* End PBXResourcesBuildPhase section */

/* Begin PBXSourcesBuildPhase section */
		00495C8C1D03B77A000ADD2C /* Sources */ = {
			isa = PBXSourcesBuildPhase;
			buildActionMask = 2147483647;
			files = (
				00495C961D03B77A000ADD2C /* ViewController.swift in Sources */,
				00495C941D03B77A000ADD2C /* AppDelegate.swift in Sources */,
			);
			runOnlyForDeploymentPostprocessing = 0;
		};
		00495CA01D03B77B000ADD2C /* Sources */ = {
			isa = PBXSourcesBuildPhase;
			buildActionMask = 2147483647;
			files = (
				00495CA91D03B77B000ADD2C /* my_hood_appTests.swift in Sources */,
			);
			runOnlyForDeploymentPostprocessing = 0;
		};
		00495CAB1D03B77B000ADD2C /* Sources */ = {
			isa = PBXSourcesBuildPhase;
			buildActionMask = 2147483647;
			files = (
				00495CB41D03B77B000ADD2C /* my_hood_appUITests.swift in Sources */,
			);
			runOnlyForDeploymentPostprocessing = 0;
		};
/* End PBXSourcesBuildPhase section */

/* Begin PBXTargetDependency section */
		00495CA61D03B77B000ADD2C /* PBXTargetDependency */ = {
			isa = PBXTargetDependency;
			target = 00495C8F1D03B77A000ADD2C /* my-hood-app */;
			targetProxy = 00495CA51D03B77B000ADD2C /* PBXContainerItemProxy */;
		};
		00495CB11D03B77B000ADD2C /* PBXTargetDependency */ = {
			isa = PBXTargetDependency;
			target = 00495C8F1D03B77A000ADD2C /* my-hood-app */;
			targetProxy = 00495CB01D03B77B000ADD2C /* PBXContainerItemProxy */;
		};
/* End PBXTargetDependency section */

/* Begin PBXVariantGroup section */
		00495C971D03B77A000ADD2C /* Main.storyboard */ = {
			isa = PBXVariantGroup;
			children = (
				00495C981D03B77A000ADD2C /* Base */,
			);
			name = Main.storyboard;
			sourceTree = "<group>";
		};
		00495C9C1D03B77A000ADD2C /* LaunchScreen.storyboard */ = {
			isa = PBXVariantGroup;
			children = (
				00495C9D1D03B77A000ADD2C /* Base */,
			);
			name = LaunchScreen.storyboard;
			sourceTree = "<group>";
		};
/* End PBXVariantGroup section */

/* Begin XCBuildConfiguration section */
		00495CB61D03B77B000ADD2C /* Debug */ = {
			isa = XCBuildConfiguration;
			buildSettings = {
				ALWAYS_SEARCH_USER_PATHS = NO;
				CLANG_ANALYZER_NONNULL = YES;
				CLANG_CXX_LANGUAGE_STANDARD = "gnu++0x";
				CLANG_CXX_LIBRARY = "libc++";
				CLANG_ENABLE_MODULES = YES;
				CLANG_ENABLE_OBJC_ARC = YES;
				CLANG_WARN_BOOL_CONVERSION = YES;
				CLANG_WARN_CONSTANT_CONVERSION = YES;
				CLANG_WARN_DIRECT_OBJC_ISA_USAGE = YES_ERROR;
				CLANG_WARN_EMPTY_BODY = YES;
				CLANG_WARN_ENUM_CONVERSION = YES;
				CLANG_WARN_INT_CONVERSION = YES;
				CLANG_WARN_OBJC_ROOT_CLASS = YES_ERROR;
				CLANG_WARN_UNREACHABLE_CODE = YES;
				CLANG_WARN__DUPLICATE_METHOD_MATCH = YES;
				"CODE_SIGN_IDENTITY[sdk=iphoneos*]" = "iPhone Developer";
				COPY_PHASE_STRIP = NO;
				DEBUG_INFORMATION_FORMAT = dwarf;
				ENABLE_STRICT_OBJC_MSGSEND = YES;
				ENABLE_TESTABILITY = YES;
				GCC_C_LANGUAGE_STANDARD = gnu99;
				GCC_DYNAMIC_NO_PIC = NO;
				GCC_NO_COMMON_BLOCKS = YES;
				GCC_OPTIMIZATION_LEVEL = 0;
				GCC_PREPROCESSOR_DEFINITIONS = (
					"DEBUG=1",
					"$(inherited)",
				);
				GCC_WARN_64_TO_32_BIT_CONVERSION = YES;
				GCC_WARN_ABOUT_RETURN_TYPE = YES_ERROR;
				GCC_WARN_UNDECLARED_SELECTOR = YES;
				GCC_WARN_UNINITIALIZED_AUTOS = YES_AGGRESSIVE;
				GCC_WARN_UNUSED_FUNCTION = YES;
				GCC_WARN_UNUSED_VARIABLE = YES;
				IPHONEOS_DEPLOYMENT_TARGET = 9.3;
				MTL_ENABLE_DEBUG_INFO = YES;
				ONLY_ACTIVE_ARCH = YES;
				SDKROOT = iphoneos;
				SWIFT_OPTIMIZATION_LEVEL = "-Onone";
				TARGETED_DEVICE_FAMILY = "1,2";
			};
			name = Debug;
		};
		00495CB71D03B77B000ADD2C /* Release */ = {
			isa = XCBuildConfiguration;
			buildSettings = {
				ALWAYS_SEARCH_USER_PATHS = NO;
				CLANG_ANALYZER_NONNULL = YES;
				CLANG_CXX_LANGUAGE_STANDARD = "gnu++0x";
				CLANG_CXX_LIBRARY = "libc++";
				CLANG_ENABLE_MODULES = YES;
				CLANG_ENABLE_OBJC_ARC = YES;
				CLANG_WARN_BOOL_CONVERSION = YES;
				CLANG_WARN_CONSTANT_CONVERSION = YES;
				CLANG_WARN_DIRECT_OBJC_ISA_USAGE = YES_ERROR;
				CLANG_WARN_EMPTY_BODY = YES;
				CLANG_WARN_ENUM_CONVERSION = YES;
				CLANG_WARN_INT_CONVERSION = YES;
				CLANG_WARN_OBJC_ROOT_CLASS = YES_ERROR;
				CLANG_WARN_UNREACHABLE_CODE = YES;
				CLANG_WARN__DUPLICATE_METHOD_MATCH = YES;
				"CODE_SIGN_IDENTITY[sdk=iphoneos*]" = "iPhone Developer";
				COPY_PHASE_STRIP = NO;
				DEBUG_INFORMATION_FORMAT = "dwarf-with-dsym";
				ENABLE_NS_ASSERTIONS = NO;
				ENABLE_STRICT_OBJC_MSGSEND = YES;
				GCC_C_LANGUAGE_STANDARD = gnu99;
				GCC_NO_COMMON_BLOCKS = YES;
				GCC_WARN_64_TO_32_BIT_CONVERSION = YES;
				GCC_WARN_ABOUT_RETURN_TYPE = YES_ERROR;
				GCC_WARN_UNDECLARED_SELECTOR = YES;
				GCC_WARN_UNINITIALIZED_AUTOS = YES_AGGRESSIVE;
				GCC_WARN_UNUSED_FUNCTION = YES;
				GCC_WARN_UNUSED_VARIABLE = YES;
				IPHONEOS_DEPLOYMENT_TARGET = 9.3;
				MTL_ENABLE_DEBUG_INFO = NO;
				SDKROOT = iphoneos;
				TARGETED_DEVICE_FAMILY = "1,2";
				VALIDATE_PRODUCT = YES;
			};
			name = Release;
		};
		00495CB91D03B77B000ADD2C /* Debug */ = {
			isa = XCBuildConfiguration;
			buildSettings = {
				ASSETCATALOG_COMPILER_APPICON_NAME = AppIcon;
				INFOPLIST_FILE = "my-hood-app/Info.plist";
				LD_RUNPATH_SEARCH_PATHS = "$(inherited) @executable_path/Frameworks";
				PRODUCT_BUNDLE_IDENTIFIER = "com.arora.my-hood-app";
				PRODUCT_NAME = "$(TARGET_NAME)";
			};
			name = Debug;
		};
		00495CBA1D03B77B000ADD2C /* Release */ = {
			isa = XCBuildConfiguration;
			buildSettings = {
				ASSETCATALOG_COMPILER_APPICON_NAME = AppIcon;
				INFOPLIST_FILE = "my-hood-app/Info.plist";
				LD_RUNPATH_SEARCH_PATHS = "$(inherited) @executable_path/Frameworks";
				PRODUCT_BUNDLE_IDENTIFIER = "com.arora.my-hood-app";
				PRODUCT_NAME = "$(TARGET_NAME)";
			};
			name = Release;
		};
		00495CBC1D03B77B000ADD2C /* Debug */ = {
			isa = XCBuildConfiguration;
			buildSettings = {
				BUNDLE_LOADER = "$(TEST_HOST)";
				INFOPLIST_FILE = "my-hood-appTests/Info.plist";
				LD_RUNPATH_SEARCH_PATHS = "$(inherited) @executable_path/Frameworks @loader_path/Frameworks";
				PRODUCT_BUNDLE_IDENTIFIER = "com.arora.my-hood-appTests";
				PRODUCT_NAME = "$(TARGET_NAME)";
				TEST_HOST = "$(BUILT_PRODUCTS_DIR)/my-hood-app.app/my-hood-app";
			};
			name = Debug;
		};
		00495CBD1D03B77B000ADD2C /* Release */ = {
			isa = XCBuildConfiguration;
			buildSettings = {
				BUNDLE_LOADER = "$(TEST_HOST)";
				INFOPLIST_FILE = "my-hood-appTests/Info.plist";
				LD_RUNPATH_SEARCH_PATHS = "$(inherited) @executable_path/Frameworks @loader_path/Frameworks";
				PRODUCT_BUNDLE_IDENTIFIER = "com.arora.my-hood-appTests";
				PRODUCT_NAME = "$(TARGET_NAME)";
				TEST_HOST = "$(BUILT_PRODUCTS_DIR)/my-hood-app.app/my-hood-app";
			};
			name = Release;
		};
		00495CBF1D03B77B000ADD2C /* Debug */ = {
			isa = XCBuildConfiguration;
			buildSettings = {
				INFOPLIST_FILE = "my-hood-appUITests/Info.plist";
				LD_RUNPATH_SEARCH_PATHS = "$(inherited) @executable_path/Frameworks @loader_path/Frameworks";
				PRODUCT_BUNDLE_IDENTIFIER = "com.arora.my-hood-appUITests";
				PRODUCT_NAME = "$(TARGET_NAME)";
				TEST_TARGET_NAME = "my-hood-app";
			};
			name = Debug;
		};
		00495CC01D03B77B000ADD2C /* Release */ = {
			isa = XCBuildConfiguration;
			buildSettings = {
				INFOPLIST_FILE = "my-hood-appUITests/Info.plist";
				LD_RUNPATH_SEARCH_PATHS = "$(inherited) @executable_path/Frameworks @loader_path/Frameworks";
				PRODUCT_BUNDLE_IDENTIFIER = "com.arora.my-hood-appUITests";
				PRODUCT_NAME = "$(TARGET_NAME)";
				TEST_TARGET_NAME = "my-hood-app";
			};
			name = Release;
		};
/* End XCBuildConfiguration section */

/* Begin XCConfigurationList section */
		00495C8B1D03B77A000ADD2C /* Build configuration list for PBXProject "my-hood-app" */ = {
			isa = XCConfigurationList;
			buildConfigurations = (
				00495CB61D03B77B000ADD2C /* Debug */,
				00495CB71D03B77B000ADD2C /* Release */,
			);
			defaultConfigurationIsVisible = 0;
			defaultConfigurationName = Release;
		};
		00495CB81D03B77B000ADD2C /* Build configuration list for PBXNativeTarget "my-hood-app" */ = {
			isa = XCConfigurationList;
			buildConfigurations = (
				00495CB91D03B77B000ADD2C /* Debug */,
				00495CBA1D03B77B000ADD2C /* Release */,
			);
			defaultConfigurationIsVisible = 0;
		};
		00495CBB1D03B77B000ADD2C /* Build configuration list for PBXNativeTarget "my-hood-appTests" */ = {
			isa = XCConfigurationList;
			buildConfigurations = (
				00495CBC1D03B77B000ADD2C /* Debug */,
				00495CBD1D03B77B000ADD2C /* Release */,
			);
			defaultConfigurationIsVisible = 0;
		};
		00495CBE1D03B77B000ADD2C /* Build configuration list for PBXNativeTarget "my-hood-appUITests" */ = {
			isa = XCConfigurationList;
			buildConfigurations = (
				00495CBF1D03B77B000ADD2C /* Debug */,
				00495CC01D03B77B000ADD2C /* Release */,
			);
			defaultConfigurationIsVisible = 0;
		};
/* End XCConfigurationList section */
	};
	rootObject = 00495C881D03B77A000ADD2C /* Project object */;
}
